
Microsoft Visual Studio Solution File, Format Version 11.00
# Visual Studio 2010
Project("{FAE04EC0-301F-11D3-BF4B-00C04F79EFBC}") = "Gallery", "Gallery\Gallery.csproj", "{C3F9C1F0-7A09-43C1-8641-CF8B244219DA}"
	ProjectSection(ProjectDependencies) = postProject
		{39AF18CB-196E-4677-BA30-816FFBF8E8CD} = {39AF18CB-196E-4677-BA30-816FFBF8E8CD}
	EndProjectSection
EndProject
Project("{FAE04EC0-301F-11D3-BF4B-00C04F79EFBC}") = "Gallery.Web", "Gallery.Web\Gallery.Web.csproj", "{39AF18CB-196E-4677-BA30-816FFBF8E8CD}"
EndProject
Project("{FAE04EC0-301F-11D3-BF4B-00C04F79EFBC}") = "Gallery.Model", "Gallery.Model\Gallery.Model.csproj", "{E88E914F-57BC-4978-B8B5-C3BA30418BBF}"
EndProject
Project("{FAE04EC0-301F-11D3-BF4B-00C04F79EFBC}") = "Gallery.Contracts", "Gallery.Contracts\Gallery.Contracts.csproj", "{DE5E59F7-3931-4FC2-B076-13C36D2CB68B}"
EndProject
Project("{FAE04EC0-301F-11D3-BF4B-00C04F79EFBC}") = "MefMvvm", "MefMvvm\MefMvvm.csproj", "{B2856D5C-0BD0-4503-A1C6-2460BCCD3A67}"
EndProject
Global
	GlobalSection(TeamFoundationVersionControl) = preSolution
		SccNumberOfProjects = 6
		SccEnterpriseProvider = {4CA58AB2-18FA-4F8D-95D4-32DDF27D184C}
		SccTeamFoundationServer = https://tfs04.codeplex.com/
		SccLocalPath0 = .
		SccProjectUniqueName1 = Gallery.Contracts\\Gallery.Contracts.csproj
		SccProjectName1 = Gallery.Contracts
		SccLocalPath1 = Gallery.Contracts
		SccProjectUniqueName2 = Gallery.Web\\Gallery.Web.csproj
		SccProjectName2 = Gallery.Web
		SccLocalPath2 = Gallery.Web
		SccProjectUniqueName3 = Gallery\\Gallery.csproj
		SccProjectName3 = Gallery
		SccLocalPath3 = Gallery
		SccProjectUniqueName4 = Gallery.Model\\Gallery.Model.csproj
		SccProjectName4 = Gallery.Model
		SccLocalPath4 = Gallery.Model
		SccProjectUniqueName5 = MefMvvm\\MefMvvm.csproj
		SccProjectName5 = MefMvvm
		SccLocalPath5 = MefMvvm
	EndGlobalSection
	GlobalSection(SolutionConfigurationPlatforms) = preSolution
		Debug|Any CPU = Debug|Any CPU
		Release|Any CPU = Release|Any CPU
	EndGlobalSection
	GlobalSection(ProjectConfigurationPlatforms) = postSolution
		{C3F9C1F0-7A09-43C1-8641-CF8B244219DA}.Debug|Any CPU.ActiveCfg = Debug|Any CPU
		{C3F9C1F0-7A09-43C1-8641-CF8B244219DA}.Debug|Any CPU.Build.0 = Debug|Any CPU
		{C3F9C1F0-7A09-43C1-8641-CF8B244219DA}.Release|Any CPU.ActiveCfg = Release|Any CPU
		{C3F9C1F0-7A09-43C1-8641-CF8B244219DA}.Release|Any CPU.Build.0 = Release|Any CPU
		{39AF18CB-196E-4677-BA30-816FFBF8E8CD}.Debug|Any CPU.ActiveCfg = Debug|Any CPU
		{39AF18CB-196E-4677-BA30-816FFBF8E8CD}.Debug|Any CPU.Build.0 = Debug|Any CPU
		{39AF18CB-196E-4677-BA30-816FFBF8E8CD}.Release|Any CPU.ActiveCfg = Release|Any CPU
		{39AF18CB-196E-4677-BA30-816FFBF8E8CD}.Release|Any CPU.Build.0 = Release|Any CPU
		{E88E914F-57BC-4978-B8B5-C3BA30418BBF}.Debug|Any CPU.ActiveCfg = Debug|Any CPU
		{E88E914F-57BC-4978-B8B5-C3BA30418BBF}.Debug|Any CPU.Build.0 = Debug|Any CPU
		{E88E914F-57BC-4978-B8B5-C3BA30418BBF}.Release|Any CPU.ActiveCfg = Release|Any CPU
		{E88E914F-57BC-4978-B8B5-C3BA30418BBF}.Release|Any CPU.Build.0 = Release|Any CPU
		{DE5E59F7-3931-4FC2-B076-13C36D2CB68B}.Debug|Any CPU.ActiveCfg = Debug|Any CPU
		{DE5E59F7-3931-4FC2-B076-13C36D2CB68B}.Debug|Any CPU.Build.0 = Debug|Any CPU
		{DE5E59F7-3931-4FC2-B076-13C36D2CB68B}.Release|Any CPU.ActiveCfg = Release|Any CPU
		{DE5E59F7-3931-4FC2-B076-13C36D2CB68B}.Release|Any CPU.Build.0 = Release|Any CPU
		{B2856D5C-0BD0-4503-A1C6-2460BCCD3A67}.Debug|Any CPU.ActiveCfg = Debug|Any CPU
		{B2856D5C-0BD0-4503-A1C6-2460BCCD3A67}.Debug|Any CPU.Build.0 = Debug|Any CPU
		{B2856D5C-0BD0-4503-A1C6-2460BCCD3A67}.Release|Any CPU.ActiveCfg = Release|Any CPU
		{B2856D5C-0BD0-4503-A1C6-2460BCCD3A67}.Release|Any CPU.Build.0 = Release|Any CPU
	EndGlobalSection
	GlobalSection(SolutionProperties) = preSolution
		HideSolutionNode = FALSE
	EndGlobalSection
EndGlobal
